
Microsoft Visual Studio Solution File, Format Version 12.00
# Visual Studio Version 17
VisualStudioVersion = 17.5.002.0
MinimumVisualStudioVersion = 10.0.40219.1
Project("{9A19103F-16F7-4668-BE54-9A1E7A4F7556}") = "MQTTnet_test", "MQTTnet_test\MQTTnet_test.csproj", "{9A712D01-C15A-4281-8A84-91C2C2EAA1DB}"
EndProject
Global
	GlobalSection(SolutionConfigurationPlatforms) = preSolution
		Debug|Any CPU = Debug|Any CPU
		Release|Any CPU = Release|Any CPU
	EndGlobalSection
	GlobalSection(ProjectConfigurationPlatforms) = postSolution
		{9A712D01-C15A-4281-8A84-91C2C2EAA1DB}.Debug|Any CPU.ActiveCfg = Debug|Any CPU
		{9A712D01-C15A-4281-8A84-91C2C2EAA1DB}.Debug|Any CPU.Build.0 = Debug|Any CPU
		{9A712D01-C15A-4281-8A84-91C2C2EAA1DB}.Release|Any CPU.ActiveCfg = Release|Any CPU
		{9A712D01-C15A-4281-8A84-91C2C2EAA1DB}.Release|Any CPU.Build.0 = Release|Any CPU
	EndGlobalSection
	GlobalSection(SolutionProperties) = preSolution
		HideSolutionNode = FALSE
	EndGlobalSection
	GlobalSection(ExtensibilityGlobals) = postSolution
		SolutionGuid = {9C8F0BE7-8432-4488-84C1-A1A391D49380}
	EndGlobalSection
EndGlobal
